
Microsoft Visual Studio Solution File, Format Version 12.00
# Visual Studio Version 16
VisualStudioVersion = 16.0.31321.278
MinimumVisualStudioVersion = 10.0.40219.1
Project("{9A19103F-16F7-4668-BE54-9A1E7A4F7556}") = "InsuranceClaim", "InsuranceClaim\InsuranceClaim.csproj", "{B642E96B-39C2-47AE-8F39-DF676A502A1F}"
EndProject
Project("{FAE04EC0-301F-11D3-BF4B-00C04F79EFBC}") = "InsuranceClaimTesting", "InsuranceClaimTesting\InsuranceClaimTesting.csproj", "{132D9D40-FD4B-47A3-849B-8BCF2C32D855}"
EndProject
Global
	GlobalSection(SolutionConfigurationPlatforms) = preSolution
		Debug|Any CPU = Debug|Any CPU
		Release|Any CPU = Release|Any CPU
	EndGlobalSection
	GlobalSection(ProjectConfigurationPlatforms) = postSolution
		{B642E96B-39C2-47AE-8F39-DF676A502A1F}.Debug|Any CPU.ActiveCfg = Debug|Any CPU
		{B642E96B-39C2-47AE-8F39-DF676A502A1F}.Debug|Any CPU.Build.0 = Debug|Any CPU
		{B642E96B-39C2-47AE-8F39-DF676A502A1F}.Release|Any CPU.ActiveCfg = Release|Any CPU
		{B642E96B-39C2-47AE-8F39-DF676A502A1F}.Release|Any CPU.Build.0 = Release|Any CPU
		{132D9D40-FD4B-47A3-849B-8BCF2C32D855}.Debug|Any CPU.ActiveCfg = Debug|Any CPU
		{132D9D40-FD4B-47A3-849B-8BCF2C32D855}.Debug|Any CPU.Build.0 = Debug|Any CPU
		{132D9D40-FD4B-47A3-849B-8BCF2C32D855}.Release|Any CPU.ActiveCfg = Release|Any CPU
		{132D9D40-FD4B-47A3-849B-8BCF2C32D855}.Release|Any CPU.Build.0 = Release|Any CPU
	EndGlobalSection
	GlobalSection(SolutionProperties) = preSolution
		HideSolutionNode = FALSE
	EndGlobalSection
	GlobalSection(ExtensibilityGlobals) = postSolution
		SolutionGuid = {7C771F2F-DE69-4DE5-A15A-53D4867326A3}
	EndGlobalSection
EndGlobal
